# This file is autogenerated, do not edit; changes may be undone by the next 'dep ensure'.


[[projects]]
  digest = "1:e39a5ee8fcbec487f8fc68863ef95f2b025e0739b0e4aa55558a2b4cf8f0ecf0"
  name = "github.com/pierrec/lz4"
  packages = [
    ".",
    "internal/xxh32",
  ]
  pruneopts = "UT"
  revision = "635575b42742856941dbc767b44905bb9ba083f6"
  version = "v2.0.7"

[[projects]]
  digest = "1:75a76084882bcbc03a8eca5ac19c516b03b7593a753fb23dd653ca18df2129bd"
  name = "github.com/shamaton/msgpack"
  packages = [
    ".",
    "def",
    "ext",
    "internal/common",
    "internal/decoding",
    "internal/encoding",
    "time",
  ]
  pruneopts = "UT"
  revision = "4b86f62eba024e3be006d67ddfe17028babba73a"
  version = "v1.0.0"

[solve-meta]
  analyzer-name = "dep"
  analyzer-version = 1
  input-imports = [
    "github.com/pierrec/lz4",
    "github.com/shamaton/msgpack",
  ]
  solver-name = "gps-cdcl"
  solver-version = 1
